
Microsoft Visual Studio Solution File, Format Version 12.00
# Visual Studio 2013
VisualStudioVersion = 12.0.40629.0
MinimumVisualStudioVersion = 10.0.40219.1
Project("{FAE04EC0-301F-11D3-BF4B-00C04F79EFBC}") = "MVC.SinglePage", "MVC.SinglePage\MVC.SinglePage.csproj", "{06A679E6-C3E6-46E9-8364-DB734B28E607}"
EndProject
Project("{FAE04EC0-301F-11D3-BF4B-00C04F79EFBC}") = "MVC.SinglePage.Data", "MVC.SinglePage.Data\MVC.SinglePage.Data.csproj", "{532E9970-7E99-44EA-AA29-CD78FFD6A915}"
EndProject
Project("{FAE04EC0-301F-11D3-BF4B-00C04F79EFBC}") = "MVC.SinglePage.Common", "MVC.SinglePage.Common\MVC.SinglePage.Common.csproj", "{8A7AA033-F64D-40F3-A98A-4E3046319B52}"
EndProject
Global
	GlobalSection(SolutionConfigurationPlatforms) = preSolution
		Debug|Any CPU = Debug|Any CPU
		Release|Any CPU = Release|Any CPU
	EndGlobalSection
	GlobalSection(ProjectConfigurationPlatforms) = postSolution
		{06A679E6-C3E6-46E9-8364-DB734B28E607}.Debug|Any CPU.ActiveCfg = Debug|Any CPU
		{06A679E6-C3E6-46E9-8364-DB734B28E607}.Debug|Any CPU.Build.0 = Debug|Any CPU
		{06A679E6-C3E6-46E9-8364-DB734B28E607}.Release|Any CPU.ActiveCfg = Release|Any CPU
		{06A679E6-C3E6-46E9-8364-DB734B28E607}.Release|Any CPU.Build.0 = Release|Any CPU
		{532E9970-7E99-44EA-AA29-CD78FFD6A915}.Debug|Any CPU.ActiveCfg = Debug|Any CPU
		{532E9970-7E99-44EA-AA29-CD78FFD6A915}.Debug|Any CPU.Build.0 = Debug|Any CPU
		{532E9970-7E99-44EA-AA29-CD78FFD6A915}.Release|Any CPU.ActiveCfg = Release|Any CPU
		{532E9970-7E99-44EA-AA29-CD78FFD6A915}.Release|Any CPU.Build.0 = Release|Any CPU
		{8A7AA033-F64D-40F3-A98A-4E3046319B52}.Debug|Any CPU.ActiveCfg = Debug|Any CPU
		{8A7AA033-F64D-40F3-A98A-4E3046319B52}.Debug|Any CPU.Build.0 = Debug|Any CPU
		{8A7AA033-F64D-40F3-A98A-4E3046319B52}.Release|Any CPU.ActiveCfg = Release|Any CPU
		{8A7AA033-F64D-40F3-A98A-4E3046319B52}.Release|Any CPU.Build.0 = Release|Any CPU
	EndGlobalSection
	GlobalSection(SolutionProperties) = preSolution
		HideSolutionNode = FALSE
	EndGlobalSection
EndGlobal
